
Microsoft Visual Studio Solution File, Format Version 12.00
# Visual Studio 15
VisualStudioVersion = 15.0.28307.960
MinimumVisualStudioVersion = 10.0.40219.1
Project("{FAE04EC0-301F-11D3-BF4B-00C04F79EFBC}") = "CSTanuloMaster", "CSTanuloMaster\CSTanuloMaster.csproj", "{228AFFF3-0B1F-4251-8942-85C8725DBC7A}"
EndProject
Global
	GlobalSection(SolutionConfigurationPlatforms) = preSolution
		Debug|Any CPU = Debug|Any CPU
		Release|Any CPU = Release|Any CPU
	EndGlobalSection
	GlobalSection(ProjectConfigurationPlatforms) = postSolution
		{228AFFF3-0B1F-4251-8942-85C8725DBC7A}.Debug|Any CPU.ActiveCfg = Debug|Any CPU
		{228AFFF3-0B1F-4251-8942-85C8725DBC7A}.Debug|Any CPU.Build.0 = Debug|Any CPU
		{228AFFF3-0B1F-4251-8942-85C8725DBC7A}.Release|Any CPU.ActiveCfg = Release|Any CPU
		{228AFFF3-0B1F-4251-8942-85C8725DBC7A}.Release|Any CPU.Build.0 = Release|Any CPU
	EndGlobalSection
	GlobalSection(SolutionProperties) = preSolution
		HideSolutionNode = FALSE
	EndGlobalSection
	GlobalSection(ExtensibilityGlobals) = postSolution
		SolutionGuid = {18D4D0F8-F900-4F46-B506-79C89C0408DA}
	EndGlobalSection
EndGlobal
